
Microsoft Visual Studio Solution File, Format Version 12.00
# Visual Studio Version 16
VisualStudioVersion = 16.0.29306.81
MinimumVisualStudioVersion = 10.0.40219.1
Project("{FAE04EC0-301F-11D3-BF4B-00C04F79EFBC}") = "MyPaint", "MyPaint.csproj", "{A3E12A20-A682-4049-B466-6229BCC5682B}"
EndProject
Global
	GlobalSection(SolutionConfigurationPlatforms) = preSolution
		Debug|Any CPU = Debug|Any CPU
		Release|Any CPU = Release|Any CPU
	EndGlobalSection
	GlobalSection(ProjectConfigurationPlatforms) = postSolution
		{A3E12A20-A682-4049-B466-6229BCC5682B}.Debug|Any CPU.ActiveCfg = Debug|Any CPU
		{A3E12A20-A682-4049-B466-6229BCC5682B}.Debug|Any CPU.Build.0 = Debug|Any CPU
		{A3E12A20-A682-4049-B466-6229BCC5682B}.Release|Any CPU.ActiveCfg = Release|Any CPU
		{A3E12A20-A682-4049-B466-6229BCC5682B}.Release|Any CPU.Build.0 = Release|Any CPU
	EndGlobalSection
	GlobalSection(SolutionProperties) = preSolution
		HideSolutionNode = FALSE
	EndGlobalSection
	GlobalSection(ExtensibilityGlobals) = postSolution
		SolutionGuid = {B61CDD52-39CF-4195-992A-377CECF6EBAC}
	EndGlobalSection
EndGlobal
