
Microsoft Visual Studio Solution File, Format Version 12.00
# Visual Studio Version 16
VisualStudioVersion = 16.0.29306.81
MinimumVisualStudioVersion = 10.0.40219.1
Project("{FAE04EC0-301F-11D3-BF4B-00C04F79EFBC}") = "CurrencyConverter", "CurrencyConverter.csproj", "{6B935320-4393-4F1D-BDED-FBFD3474A748}"
EndProject
Global
	GlobalSection(SolutionConfigurationPlatforms) = preSolution
		Debug|Any CPU = Debug|Any CPU
		Release|Any CPU = Release|Any CPU
	EndGlobalSection
	GlobalSection(ProjectConfigurationPlatforms) = postSolution
		{6B935320-4393-4F1D-BDED-FBFD3474A748}.Debug|Any CPU.ActiveCfg = Debug|Any CPU
		{6B935320-4393-4F1D-BDED-FBFD3474A748}.Debug|Any CPU.Build.0 = Debug|Any CPU
		{6B935320-4393-4F1D-BDED-FBFD3474A748}.Release|Any CPU.ActiveCfg = Release|Any CPU
		{6B935320-4393-4F1D-BDED-FBFD3474A748}.Release|Any CPU.Build.0 = Release|Any CPU
	EndGlobalSection
	GlobalSection(SolutionProperties) = preSolution
		HideSolutionNode = FALSE
	EndGlobalSection
	GlobalSection(ExtensibilityGlobals) = postSolution
		SolutionGuid = {2FC9E0E1-B525-438E-9EE6-C88CBA88BFBE}
	EndGlobalSection
EndGlobal
